
Microsoft Visual Studio Solution File, Format Version 12.00
# Visual Studio Version 17
VisualStudioVersion = 17.6.33815.320
MinimumVisualStudioVersion = 10.0.40219.1
Project("{9A19103F-16F7-4668-BE54-9A1E7A4F7556}") = "Console_InputApplication", "Console_InputApplication.csproj", "{17E79794-D400-482B-81F4-4F3EC80DF0EC}"
EndProject
Project("{9A19103F-16F7-4668-BE54-9A1E7A4F7556}") = "Console_DataConnector", "..\Console_DataConnector\Console_DataConnector.csproj", "{1095A496-0AE9-4595-A543-8E5F73AB97A9}"
EndProject
Project("{9A19103F-16F7-4668-BE54-9A1E7A4F7556}") = "Console_UserInterface", "..\Console_UserInterface\Console_UserInterface.csproj", "{B6A6165F-A587-4D9A-81E1-CF9B71D01504}"
EndProject
Project("{9A19103F-16F7-4668-BE54-9A1E7A4F7556}") = "Mvc_RoutingApp", "..\..\..\ProjectsWeb\WebApplication2\Mvc_RoutingApp.csproj", "{EA7FEE01-2147-47FA-9B61-ABC6284475B4}"
EndProject
Project("{9A19103F-16F7-4668-BE54-9A1E7A4F7556}") = "Blazor_UserInterface", "..\..\..\ProjectsWeb\Blazor_UserInterface\Blazor_UserInterface.csproj", "{EE30D233-5D6A-491F-AF17-17A9072AF86C}"
EndProject
Global
	GlobalSection(SolutionConfigurationPlatforms) = preSolution
		Debug|Any CPU = Debug|Any CPU
		Release|Any CPU = Release|Any CPU
	EndGlobalSection
	GlobalSection(ProjectConfigurationPlatforms) = postSolution
		{17E79794-D400-482B-81F4-4F3EC80DF0EC}.Debug|Any CPU.ActiveCfg = Debug|Any CPU
		{17E79794-D400-482B-81F4-4F3EC80DF0EC}.Debug|Any CPU.Build.0 = Debug|Any CPU
		{17E79794-D400-482B-81F4-4F3EC80DF0EC}.Release|Any CPU.ActiveCfg = Release|Any CPU
		{17E79794-D400-482B-81F4-4F3EC80DF0EC}.Release|Any CPU.Build.0 = Release|Any CPU
		{1095A496-0AE9-4595-A543-8E5F73AB97A9}.Debug|Any CPU.ActiveCfg = Debug|Any CPU
		{1095A496-0AE9-4595-A543-8E5F73AB97A9}.Debug|Any CPU.Build.0 = Debug|Any CPU
		{1095A496-0AE9-4595-A543-8E5F73AB97A9}.Release|Any CPU.ActiveCfg = Release|Any CPU
		{1095A496-0AE9-4595-A543-8E5F73AB97A9}.Release|Any CPU.Build.0 = Release|Any CPU
		{B6A6165F-A587-4D9A-81E1-CF9B71D01504}.Debug|Any CPU.ActiveCfg = Debug|Any CPU
		{B6A6165F-A587-4D9A-81E1-CF9B71D01504}.Debug|Any CPU.Build.0 = Debug|Any CPU
		{B6A6165F-A587-4D9A-81E1-CF9B71D01504}.Release|Any CPU.ActiveCfg = Release|Any CPU
		{B6A6165F-A587-4D9A-81E1-CF9B71D01504}.Release|Any CPU.Build.0 = Release|Any CPU
		{EA7FEE01-2147-47FA-9B61-ABC6284475B4}.Debug|Any CPU.ActiveCfg = Debug|Any CPU
		{EA7FEE01-2147-47FA-9B61-ABC6284475B4}.Debug|Any CPU.Build.0 = Debug|Any CPU
		{EA7FEE01-2147-47FA-9B61-ABC6284475B4}.Release|Any CPU.ActiveCfg = Release|Any CPU
		{EA7FEE01-2147-47FA-9B61-ABC6284475B4}.Release|Any CPU.Build.0 = Release|Any CPU
		{EE30D233-5D6A-491F-AF17-17A9072AF86C}.Debug|Any CPU.ActiveCfg = Debug|Any CPU
		{EE30D233-5D6A-491F-AF17-17A9072AF86C}.Debug|Any CPU.Build.0 = Debug|Any CPU
		{EE30D233-5D6A-491F-AF17-17A9072AF86C}.Release|Any CPU.ActiveCfg = Release|Any CPU
		{EE30D233-5D6A-491F-AF17-17A9072AF86C}.Release|Any CPU.Build.0 = Release|Any CPU
	EndGlobalSection
	GlobalSection(SolutionProperties) = preSolution
		HideSolutionNode = FALSE
	EndGlobalSection
	GlobalSection(ExtensibilityGlobals) = postSolution
		SolutionGuid = {5C163424-0B9A-4766-9C3E-AF7E702DC01F}
	EndGlobalSection
EndGlobal
