
Microsoft Visual Studio Solution File, Format Version 12.00
# Visual Studio Version 17
VisualStudioVersion = 17.6.33815.320
MinimumVisualStudioVersion = 10.0.40219.1
Project("{9A19103F-16F7-4668-BE54-9A1E7A4F7556}") = "Console_InputApplication", "Console_InputApplication.csproj", "{17E79794-D400-482B-81F4-4F3EC80DF0EC}"
EndProject
Project("{9A19103F-16F7-4668-BE54-9A1E7A4F7556}") = "Console_DataConnector", "..\Console_DataConnector\Console_DataConnector.csproj", "{1095A496-0AE9-4595-A543-8E5F73AB97A9}"
EndProject
Project("{9A19103F-16F7-4668-BE54-9A1E7A4F7556}") = "Console_UserInterface", "..\Console_UserInterface\Console_UserInterface.csproj", "{B6A6165F-A587-4D9A-81E1-CF9B71D01504}"
EndProject
Project("{9A19103F-16F7-4668-BE54-9A1E7A4F7556}") = "Blazor_UserInterface", "..\..\..\ProjectsWeb\Blazor_UserInterface\Blazor_UserInterface.csproj", "{EE30D233-5D6A-491F-AF17-17A9072AF86C}"
EndProject
Project("{9A19103F-16F7-4668-BE54-9A1E7A4F7556}") = "ChartsLib", "..\ChartsLib\ChartsLib.csproj", "{ACBD3BE3-069F-4E77-B6F0-FF6D891930F9}"
EndProject
Project("{9A19103F-16F7-4668-BE54-9A1E7A4F7556}") = "CustomAttributesModule", "..\CustomAttributesModule\CustomAttributesModule.csproj", "{A496C842-02D1-4F7F-BB22-82F6C209F6BD}"
EndProject
Project("{9A19103F-16F7-4668-BE54-9A1E7A4F7556}") = "AppResources", "..\AppResources\AppResources.csproj", "{7362E677-9754-45CC-B3F8-BE1F8329AEC3}"
EndProject
Project("{FAE04EC0-301F-11D3-BF4B-00C04F79EFBC}") = "BookingModel", "..\BookingModel\BookingModel.csproj", "{EF4B4E89-2038-4A32-A08D-3D9C89527F3F}"
EndProject
Global
	GlobalSection(SolutionConfigurationPlatforms) = preSolution
		Debug|Any CPU = Debug|Any CPU
		Release|Any CPU = Release|Any CPU
	EndGlobalSection
	GlobalSection(ProjectConfigurationPlatforms) = postSolution
		{17E79794-D400-482B-81F4-4F3EC80DF0EC}.Debug|Any CPU.ActiveCfg = Debug|Any CPU
		{17E79794-D400-482B-81F4-4F3EC80DF0EC}.Debug|Any CPU.Build.0 = Debug|Any CPU
		{17E79794-D400-482B-81F4-4F3EC80DF0EC}.Release|Any CPU.ActiveCfg = Release|Any CPU
		{17E79794-D400-482B-81F4-4F3EC80DF0EC}.Release|Any CPU.Build.0 = Release|Any CPU
		{1095A496-0AE9-4595-A543-8E5F73AB97A9}.Debug|Any CPU.ActiveCfg = Debug|Any CPU
		{1095A496-0AE9-4595-A543-8E5F73AB97A9}.Debug|Any CPU.Build.0 = Debug|Any CPU
		{1095A496-0AE9-4595-A543-8E5F73AB97A9}.Release|Any CPU.ActiveCfg = Release|Any CPU
		{1095A496-0AE9-4595-A543-8E5F73AB97A9}.Release|Any CPU.Build.0 = Release|Any CPU
		{B6A6165F-A587-4D9A-81E1-CF9B71D01504}.Debug|Any CPU.ActiveCfg = Debug|Any CPU
		{B6A6165F-A587-4D9A-81E1-CF9B71D01504}.Debug|Any CPU.Build.0 = Debug|Any CPU
		{B6A6165F-A587-4D9A-81E1-CF9B71D01504}.Release|Any CPU.ActiveCfg = Release|Any CPU
		{B6A6165F-A587-4D9A-81E1-CF9B71D01504}.Release|Any CPU.Build.0 = Release|Any CPU
		{EE30D233-5D6A-491F-AF17-17A9072AF86C}.Debug|Any CPU.ActiveCfg = Debug|Any CPU
		{EE30D233-5D6A-491F-AF17-17A9072AF86C}.Debug|Any CPU.Build.0 = Debug|Any CPU
		{EE30D233-5D6A-491F-AF17-17A9072AF86C}.Release|Any CPU.ActiveCfg = Release|Any CPU
		{EE30D233-5D6A-491F-AF17-17A9072AF86C}.Release|Any CPU.Build.0 = Release|Any CPU
		{ACBD3BE3-069F-4E77-B6F0-FF6D891930F9}.Debug|Any CPU.ActiveCfg = Debug|Any CPU
		{ACBD3BE3-069F-4E77-B6F0-FF6D891930F9}.Debug|Any CPU.Build.0 = Debug|Any CPU
		{ACBD3BE3-069F-4E77-B6F0-FF6D891930F9}.Release|Any CPU.ActiveCfg = Release|Any CPU
		{ACBD3BE3-069F-4E77-B6F0-FF6D891930F9}.Release|Any CPU.Build.0 = Release|Any CPU
		{A496C842-02D1-4F7F-BB22-82F6C209F6BD}.Debug|Any CPU.ActiveCfg = Debug|Any CPU
		{A496C842-02D1-4F7F-BB22-82F6C209F6BD}.Debug|Any CPU.Build.0 = Debug|Any CPU
		{A496C842-02D1-4F7F-BB22-82F6C209F6BD}.Release|Any CPU.ActiveCfg = Release|Any CPU
		{A496C842-02D1-4F7F-BB22-82F6C209F6BD}.Release|Any CPU.Build.0 = Release|Any CPU
		{7362E677-9754-45CC-B3F8-BE1F8329AEC3}.Debug|Any CPU.ActiveCfg = Debug|Any CPU
		{7362E677-9754-45CC-B3F8-BE1F8329AEC3}.Debug|Any CPU.Build.0 = Debug|Any CPU
		{7362E677-9754-45CC-B3F8-BE1F8329AEC3}.Release|Any CPU.ActiveCfg = Release|Any CPU
		{7362E677-9754-45CC-B3F8-BE1F8329AEC3}.Release|Any CPU.Build.0 = Release|Any CPU
		{EF4B4E89-2038-4A32-A08D-3D9C89527F3F}.Debug|Any CPU.ActiveCfg = Debug|Any CPU
		{EF4B4E89-2038-4A32-A08D-3D9C89527F3F}.Debug|Any CPU.Build.0 = Debug|Any CPU
		{EF4B4E89-2038-4A32-A08D-3D9C89527F3F}.Release|Any CPU.ActiveCfg = Release|Any CPU
		{EF4B4E89-2038-4A32-A08D-3D9C89527F3F}.Release|Any CPU.Build.0 = Release|Any CPU
	EndGlobalSection
	GlobalSection(SolutionProperties) = preSolution
		HideSolutionNode = FALSE
	EndGlobalSection
	GlobalSection(ExtensibilityGlobals) = postSolution
		SolutionGuid = {5C163424-0B9A-4766-9C3E-AF7E702DC01F}
	EndGlobalSection
EndGlobal
